
Microsoft Visual Studio Solution File, Format Version 12.00
# Visual Studio Version 16
VisualStudioVersion = 16.0.31729.503
MinimumVisualStudioVersion = 10.0.40219.1
Project("{FAE04EC0-301F-11D3-BF4B-00C04F79EFBC}") = "API", "API\API.csproj", "{2BC4A82B-BA6E-4B41-9002-0C8313468C1E}"
EndProject
Global
	GlobalSection(SolutionConfigurationPlatforms) = preSolution
		Debug|Any CPU = Debug|Any CPU
		Release|Any CPU = Release|Any CPU
	EndGlobalSection
	GlobalSection(ProjectConfigurationPlatforms) = postSolution
		{2BC4A82B-BA6E-4B41-9002-0C8313468C1E}.Debug|Any CPU.ActiveCfg = Debug|Any CPU
		{2BC4A82B-BA6E-4B41-9002-0C8313468C1E}.Debug|Any CPU.Build.0 = Debug|Any CPU
		{2BC4A82B-BA6E-4B41-9002-0C8313468C1E}.Release|Any CPU.ActiveCfg = Release|Any CPU
		{2BC4A82B-BA6E-4B41-9002-0C8313468C1E}.Release|Any CPU.Build.0 = Release|Any CPU
	EndGlobalSection
	GlobalSection(SolutionProperties) = preSolution
		HideSolutionNode = FALSE
	EndGlobalSection
	GlobalSection(ExtensibilityGlobals) = postSolution
		SolutionGuid = {B587E5CC-8E10-49D1-A112-20B19653A5C1}
	EndGlobalSection
EndGlobal
